
Microsoft Visual Studio Solution File, Format Version 12.00
# Visual Studio 15
VisualStudioVersion = 15.0.27703.2042
MinimumVisualStudioVersion = 10.0.40219.1
Project("{8BC9CEB8-8B4A-11D0-8D11-00A0C91BC942}") = "单一职责原则", "单一职责原则\单一职责原则.vcxproj", "{08C66308-5063-4C48-8B88-BF1ACAC250B2}"
EndProject
Project("{8BC9CEB8-8B4A-11D0-8D11-00A0C91BC942}") = "开闭原则", "开闭原则\开闭原则.vcxproj", "{9DB0928B-E138-4A60-8DC8-3E2947287FEC}"
EndProject
Project("{8BC9CEB8-8B4A-11D0-8D11-00A0C91BC942}") = "依赖倒转原则", "依赖倒转原则\依赖倒转原则.vcxproj", "{B95F7CB5-8946-49AE-86CA-9FD1C9AF39A0}"
EndProject
Project("{8BC9CEB8-8B4A-11D0-8D11-00A0C91BC942}") = "依赖倒转原则-电脑组装案例", "依赖倒转原则-电脑组装案例\依赖倒转原则-电脑组装案例.vcxproj", "{456521B3-7404-4AD3-A14E-A92AF80EE081}"
EndProject
Project("{8BC9CEB8-8B4A-11D0-8D11-00A0C91BC942}") = "合成复用原则", "合成复用原则\合成复用原则.vcxproj", "{317B7D2A-C351-487B-B698-F95AA285989E}"
EndProject
Project("{8BC9CEB8-8B4A-11D0-8D11-00A0C91BC942}") = "简单工厂模式", "简单工厂模式\简单工厂模式.vcxproj", "{65EFE09F-F6EC-44FC-9C40-08155D301DFE}"
EndProject
Project("{8BC9CEB8-8B4A-11D0-8D11-00A0C91BC942}") = "抽象工厂模式", "抽象工厂模式\抽象工厂模式.vcxproj", "{78B2F703-5F40-40F9-B41A-77B2883424A6}"
EndProject
Project("{8BC9CEB8-8B4A-11D0-8D11-00A0C91BC942}") = "工厂模式", "工厂模式\工厂模式.vcxproj", "{301E52D6-9140-4397-A375-FDA40F3039AF}"
EndProject
Project("{8BC9CEB8-8B4A-11D0-8D11-00A0C91BC942}") = "单例模式", "单例模式\单例模式.vcxproj", "{6E039C05-6888-4190-8AEB-3C16EFE0E2B2}"
EndProject
Project("{8BC9CEB8-8B4A-11D0-8D11-00A0C91BC942}") = "单例模式-打印机练习", "单例模式-打印机练习\单例模式-打印机练习.vcxproj", "{2AFD0828-65BB-483F-AB1F-DC18EE315789}"
EndProject
Project("{8BC9CEB8-8B4A-11D0-8D11-00A0C91BC942}") = "代理模式", "代理模式\代理模式.vcxproj", "{43EB44F3-068C-40AF-B0F1-DEAAE554EBDE}"
EndProject
Project("{8BC9CEB8-8B4A-11D0-8D11-00A0C91BC942}") = "代理模式-私下案例", "代理模式-私下案例\代理模式-私下案例.vcxproj", "{A14DFFBC-665B-4D52-B832-19DFC74276BD}"
EndProject
Project("{8BC9CEB8-8B4A-11D0-8D11-00A0C91BC942}") = "装饰器模式", "装饰器模式\装饰器模式.vcxproj", "{A5F32A85-073E-4816-873D-C5DC9BACF91D}"
EndProject
Project("{8BC9CEB8-8B4A-11D0-8D11-00A0C91BC942}") = "装饰模式练习", "装饰模式练习\装饰模式练习.vcxproj", "{9650A63D-ECCE-4D06-B347-7F54D7F58669}"
EndProject
Project("{8BC9CEB8-8B4A-11D0-8D11-00A0C91BC942}") = "外观模式", "外观模式\外观模式.vcxproj", "{836ECAFA-1EBC-4120-B233-41A61E5A0499}"
EndProject
Project("{8BC9CEB8-8B4A-11D0-8D11-00A0C91BC942}") = "外观模式-家庭影院练习", "外观模式-家庭影院练习\外观模式-家庭影院练习.vcxproj", "{B6E07612-09F0-41C5-8D51-01912D30E8E6}"
EndProject
Project("{8BC9CEB8-8B4A-11D0-8D11-00A0C91BC942}") = "适配器模式", "适配器模式\适配器模式.vcxproj", "{5A8E4B18-5928-4F69-BD90-9F1965C6E7E7}"
EndProject
Project("{8BC9CEB8-8B4A-11D0-8D11-00A0C91BC942}") = "模版方法模式", "模版方法模式\模版方法模式.vcxproj", "{35CC1A57-F373-4EC9-9FD9-DEA742512623}"
EndProject
Project("{8BC9CEB8-8B4A-11D0-8D11-00A0C91BC942}") = "命令模式", "命令模式\命令模式.vcxproj", "{C4C4C44E-5FDB-48D4-A378-EDA6BC85A775}"
EndProject
Project("{8BC9CEB8-8B4A-11D0-8D11-00A0C91BC942}") = "命令模式1", "命令模式1\命令模式1.vcxproj", "{323DC413-A2E4-47DE-AEC2-40B45BAE7CA5}"
EndProject
Project("{8BC9CEB8-8B4A-11D0-8D11-00A0C91BC942}") = "命令模式练习", "命令模式练习\命令模式练习.vcxproj", "{C2A3B0A9-6A16-4B55-83E0-E526853D3823}"
EndProject
Project("{8BC9CEB8-8B4A-11D0-8D11-00A0C91BC942}") = "策略模式", "策略模式\策略模式.vcxproj", "{B75FEBBA-0A41-4157-B777-6A595090B86C}"
EndProject
Project("{8BC9CEB8-8B4A-11D0-8D11-00A0C91BC942}") = "策略模式练习", "策略模式练习\策略模式练习.vcxproj", "{084FBB91-BD3F-4127-ACFA-272BBBC8D08A}"
EndProject
Global
	GlobalSection(SolutionConfigurationPlatforms) = preSolution
		Debug|x64 = Debug|x64
		Debug|x86 = Debug|x86
		Release|x64 = Release|x64
		Release|x86 = Release|x86
	EndGlobalSection
	GlobalSection(ProjectConfigurationPlatforms) = postSolution
		{08C66308-5063-4C48-8B88-BF1ACAC250B2}.Debug|x64.ActiveCfg = Debug|x64
		{08C66308-5063-4C48-8B88-BF1ACAC250B2}.Debug|x64.Build.0 = Debug|x64
		{08C66308-5063-4C48-8B88-BF1ACAC250B2}.Debug|x86.ActiveCfg = Debug|Win32
		{08C66308-5063-4C48-8B88-BF1ACAC250B2}.Debug|x86.Build.0 = Debug|Win32
		{08C66308-5063-4C48-8B88-BF1ACAC250B2}.Release|x64.ActiveCfg = Release|x64
		{08C66308-5063-4C48-8B88-BF1ACAC250B2}.Release|x64.Build.0 = Release|x64
		{08C66308-5063-4C48-8B88-BF1ACAC250B2}.Release|x86.ActiveCfg = Release|Win32
		{08C66308-5063-4C48-8B88-BF1ACAC250B2}.Release|x86.Build.0 = Release|Win32
		{9DB0928B-E138-4A60-8DC8-3E2947287FEC}.Debug|x64.ActiveCfg = Debug|x64
		{9DB0928B-E138-4A60-8DC8-3E2947287FEC}.Debug|x64.Build.0 = Debug|x64
		{9DB0928B-E138-4A60-8DC8-3E2947287FEC}.Debug|x86.ActiveCfg = Debug|Win32
		{9DB0928B-E138-4A60-8DC8-3E2947287FEC}.Debug|x86.Build.0 = Debug|Win32
		{9DB0928B-E138-4A60-8DC8-3E2947287FEC}.Release|x64.ActiveCfg = Release|x64
		{9DB0928B-E138-4A60-8DC8-3E2947287FEC}.Release|x64.Build.0 = Release|x64
		{9DB0928B-E138-4A60-8DC8-3E2947287FEC}.Release|x86.ActiveCfg = Release|Win32
		{9DB0928B-E138-4A60-8DC8-3E2947287FEC}.Release|x86.Build.0 = Release|Win32
		{B95F7CB5-8946-49AE-86CA-9FD1C9AF39A0}.Debug|x64.ActiveCfg = Debug|x64
		{B95F7CB5-8946-49AE-86CA-9FD1C9AF39A0}.Debug|x64.Build.0 = Debug|x64
		{B95F7CB5-8946-49AE-86CA-9FD1C9AF39A0}.Debug|x86.ActiveCfg = Debug|Win32
		{B95F7CB5-8946-49AE-86CA-9FD1C9AF39A0}.Debug|x86.Build.0 = Debug|Win32
		{B95F7CB5-8946-49AE-86CA-9FD1C9AF39A0}.Release|x64.ActiveCfg = Release|x64
		{B95F7CB5-8946-49AE-86CA-9FD1C9AF39A0}.Release|x64.Build.0 = Release|x64
		{B95F7CB5-8946-49AE-86CA-9FD1C9AF39A0}.Release|x86.ActiveCfg = Release|Win32
		{B95F7CB5-8946-49AE-86CA-9FD1C9AF39A0}.Release|x86.Build.0 = Release|Win32
		{456521B3-7404-4AD3-A14E-A92AF80EE081}.Debug|x64.ActiveCfg = Debug|x64
		{456521B3-7404-4AD3-A14E-A92AF80EE081}.Debug|x64.Build.0 = Debug|x64
		{456521B3-7404-4AD3-A14E-A92AF80EE081}.Debug|x86.ActiveCfg = Debug|Win32
		{456521B3-7404-4AD3-A14E-A92AF80EE081}.Debug|x86.Build.0 = Debug|Win32
		{456521B3-7404-4AD3-A14E-A92AF80EE081}.Release|x64.ActiveCfg = Release|x64
		{456521B3-7404-4AD3-A14E-A92AF80EE081}.Release|x64.Build.0 = Release|x64
		{456521B3-7404-4AD3-A14E-A92AF80EE081}.Release|x86.ActiveCfg = Release|Win32
		{456521B3-7404-4AD3-A14E-A92AF80EE081}.Release|x86.Build.0 = Release|Win32
		{317B7D2A-C351-487B-B698-F95AA285989E}.Debug|x64.ActiveCfg = Debug|x64
		{317B7D2A-C351-487B-B698-F95AA285989E}.Debug|x64.Build.0 = Debug|x64
		{317B7D2A-C351-487B-B698-F95AA285989E}.Debug|x86.ActiveCfg = Debug|Win32
		{317B7D2A-C351-487B-B698-F95AA285989E}.Debug|x86.Build.0 = Debug|Win32
		{317B7D2A-C351-487B-B698-F95AA285989E}.Release|x64.ActiveCfg = Release|x64
		{317B7D2A-C351-487B-B698-F95AA285989E}.Release|x64.Build.0 = Release|x64
		{317B7D2A-C351-487B-B698-F95AA285989E}.Release|x86.ActiveCfg = Release|Win32
		{317B7D2A-C351-487B-B698-F95AA285989E}.Release|x86.Build.0 = Release|Win32
		{65EFE09F-F6EC-44FC-9C40-08155D301DFE}.Debug|x64.ActiveCfg = Debug|x64
		{65EFE09F-F6EC-44FC-9C40-08155D301DFE}.Debug|x64.Build.0 = Debug|x64
		{65EFE09F-F6EC-44FC-9C40-08155D301DFE}.Debug|x86.ActiveCfg = Debug|Win32
		{65EFE09F-F6EC-44FC-9C40-08155D301DFE}.Debug|x86.Build.0 = Debug|Win32
		{65EFE09F-F6EC-44FC-9C40-08155D301DFE}.Release|x64.ActiveCfg = Release|x64
		{65EFE09F-F6EC-44FC-9C40-08155D301DFE}.Release|x64.Build.0 = Release|x64
		{65EFE09F-F6EC-44FC-9C40-08155D301DFE}.Release|x86.ActiveCfg = Release|Win32
		{65EFE09F-F6EC-44FC-9C40-08155D301DFE}.Release|x86.Build.0 = Release|Win32
		{78B2F703-5F40-40F9-B41A-77B2883424A6}.Debug|x64.ActiveCfg = Debug|x64
		{78B2F703-5F40-40F9-B41A-77B2883424A6}.Debug|x64.Build.0 = Debug|x64
		{78B2F703-5F40-40F9-B41A-77B2883424A6}.Debug|x86.ActiveCfg = Debug|Win32
		{78B2F703-5F40-40F9-B41A-77B2883424A6}.Debug|x86.Build.0 = Debug|Win32
		{78B2F703-5F40-40F9-B41A-77B2883424A6}.Release|x64.ActiveCfg = Release|x64
		{78B2F703-5F40-40F9-B41A-77B2883424A6}.Release|x64.Build.0 = Release|x64
		{78B2F703-5F40-40F9-B41A-77B2883424A6}.Release|x86.ActiveCfg = Release|Win32
		{78B2F703-5F40-40F9-B41A-77B2883424A6}.Release|x86.Build.0 = Release|Win32
		{301E52D6-9140-4397-A375-FDA40F3039AF}.Debug|x64.ActiveCfg = Debug|x64
		{301E52D6-9140-4397-A375-FDA40F3039AF}.Debug|x64.Build.0 = Debug|x64
		{301E52D6-9140-4397-A375-FDA40F3039AF}.Debug|x86.ActiveCfg = Debug|Win32
		{301E52D6-9140-4397-A375-FDA40F3039AF}.Debug|x86.Build.0 = Debug|Win32
		{301E52D6-9140-4397-A375-FDA40F3039AF}.Release|x64.ActiveCfg = Release|x64
		{301E52D6-9140-4397-A375-FDA40F3039AF}.Release|x64.Build.0 = Release|x64
		{301E52D6-9140-4397-A375-FDA40F3039AF}.Release|x86.ActiveCfg = Release|Win32
		{301E52D6-9140-4397-A375-FDA40F3039AF}.Release|x86.Build.0 = Release|Win32
		{6E039C05-6888-4190-8AEB-3C16EFE0E2B2}.Debug|x64.ActiveCfg = Debug|x64
		{6E039C05-6888-4190-8AEB-3C16EFE0E2B2}.Debug|x64.Build.0 = Debug|x64
		{6E039C05-6888-4190-8AEB-3C16EFE0E2B2}.Debug|x86.ActiveCfg = Debug|Win32
		{6E039C05-6888-4190-8AEB-3C16EFE0E2B2}.Debug|x86.Build.0 = Debug|Win32
		{6E039C05-6888-4190-8AEB-3C16EFE0E2B2}.Release|x64.ActiveCfg = Release|x64
		{6E039C05-6888-4190-8AEB-3C16EFE0E2B2}.Release|x64.Build.0 = Release|x64
		{6E039C05-6888-4190-8AEB-3C16EFE0E2B2}.Release|x86.ActiveCfg = Release|Win32
		{6E039C05-6888-4190-8AEB-3C16EFE0E2B2}.Release|x86.Build.0 = Release|Win32
		{2AFD0828-65BB-483F-AB1F-DC18EE315789}.Debug|x64.ActiveCfg = Debug|x64
		{2AFD0828-65BB-483F-AB1F-DC18EE315789}.Debug|x64.Build.0 = Debug|x64
		{2AFD0828-65BB-483F-AB1F-DC18EE315789}.Debug|x86.ActiveCfg = Debug|Win32
		{2AFD0828-65BB-483F-AB1F-DC18EE315789}.Debug|x86.Build.0 = Debug|Win32
		{2AFD0828-65BB-483F-AB1F-DC18EE315789}.Release|x64.ActiveCfg = Release|x64
		{2AFD0828-65BB-483F-AB1F-DC18EE315789}.Release|x64.Build.0 = Release|x64
		{2AFD0828-65BB-483F-AB1F-DC18EE315789}.Release|x86.ActiveCfg = Release|Win32
		{2AFD0828-65BB-483F-AB1F-DC18EE315789}.Release|x86.Build.0 = Release|Win32
		{43EB44F3-068C-40AF-B0F1-DEAAE554EBDE}.Debug|x64.ActiveCfg = Debug|x64
		{43EB44F3-068C-40AF-B0F1-DEAAE554EBDE}.Debug|x64.Build.0 = Debug|x64
		{43EB44F3-068C-40AF-B0F1-DEAAE554EBDE}.Debug|x86.ActiveCfg = Debug|Win32
		{43EB44F3-068C-40AF-B0F1-DEAAE554EBDE}.Debug|x86.Build.0 = Debug|Win32
		{43EB44F3-068C-40AF-B0F1-DEAAE554EBDE}.Release|x64.ActiveCfg = Release|x64
		{43EB44F3-068C-40AF-B0F1-DEAAE554EBDE}.Release|x64.Build.0 = Release|x64
		{43EB44F3-068C-40AF-B0F1-DEAAE554EBDE}.Release|x86.ActiveCfg = Release|Win32
		{43EB44F3-068C-40AF-B0F1-DEAAE554EBDE}.Release|x86.Build.0 = Release|Win32
		{A14DFFBC-665B-4D52-B832-19DFC74276BD}.Debug|x64.ActiveCfg = Debug|x64
		{A14DFFBC-665B-4D52-B832-19DFC74276BD}.Debug|x64.Build.0 = Debug|x64
		{A14DFFBC-665B-4D52-B832-19DFC74276BD}.Debug|x86.ActiveCfg = Debug|Win32
		{A14DFFBC-665B-4D52-B832-19DFC74276BD}.Debug|x86.Build.0 = Debug|Win32
		{A14DFFBC-665B-4D52-B832-19DFC74276BD}.Release|x64.ActiveCfg = Release|x64
		{A14DFFBC-665B-4D52-B832-19DFC74276BD}.Release|x64.Build.0 = Release|x64
		{A14DFFBC-665B-4D52-B832-19DFC74276BD}.Release|x86.ActiveCfg = Release|Win32
		{A14DFFBC-665B-4D52-B832-19DFC74276BD}.Release|x86.Build.0 = Release|Win32
		{A5F32A85-073E-4816-873D-C5DC9BACF91D}.Debug|x64.ActiveCfg = Debug|x64
		{A5F32A85-073E-4816-873D-C5DC9BACF91D}.Debug|x64.Build.0 = Debug|x64
		{A5F32A85-073E-4816-873D-C5DC9BACF91D}.Debug|x86.ActiveCfg = Debug|Win32
		{A5F32A85-073E-4816-873D-C5DC9BACF91D}.Debug|x86.Build.0 = Debug|Win32
		{A5F32A85-073E-4816-873D-C5DC9BACF91D}.Release|x64.ActiveCfg = Release|x64
		{A5F32A85-073E-4816-873D-C5DC9BACF91D}.Release|x64.Build.0 = Release|x64
		{A5F32A85-073E-4816-873D-C5DC9BACF91D}.Release|x86.ActiveCfg = Release|Win32
		{A5F32A85-073E-4816-873D-C5DC9BACF91D}.Release|x86.Build.0 = Release|Win32
		{9650A63D-ECCE-4D06-B347-7F54D7F58669}.Debug|x64.ActiveCfg = Debug|x64
		{9650A63D-ECCE-4D06-B347-7F54D7F58669}.Debug|x64.Build.0 = Debug|x64
		{9650A63D-ECCE-4D06-B347-7F54D7F58669}.Debug|x86.ActiveCfg = Debug|Win32
		{9650A63D-ECCE-4D06-B347-7F54D7F58669}.Debug|x86.Build.0 = Debug|Win32
		{9650A63D-ECCE-4D06-B347-7F54D7F58669}.Release|x64.ActiveCfg = Release|x64
		{9650A63D-ECCE-4D06-B347-7F54D7F58669}.Release|x64.Build.0 = Release|x64
		{9650A63D-ECCE-4D06-B347-7F54D7F58669}.Release|x86.ActiveCfg = Release|Win32
		{9650A63D-ECCE-4D06-B347-7F54D7F58669}.Release|x86.Build.0 = Release|Win32
		{836ECAFA-1EBC-4120-B233-41A61E5A0499}.Debug|x64.ActiveCfg = Debug|x64
		{836ECAFA-1EBC-4120-B233-41A61E5A0499}.Debug|x64.Build.0 = Debug|x64
		{836ECAFA-1EBC-4120-B233-41A61E5A0499}.Debug|x86.ActiveCfg = Debug|Win32
		{836ECAFA-1EBC-4120-B233-41A61E5A0499}.Debug|x86.Build.0 = Debug|Win32
		{836ECAFA-1EBC-4120-B233-41A61E5A0499}.Release|x64.ActiveCfg = Release|x64
		{836ECAFA-1EBC-4120-B233-41A61E5A0499}.Release|x64.Build.0 = Release|x64
		{836ECAFA-1EBC-4120-B233-41A61E5A0499}.Release|x86.ActiveCfg = Release|Win32
		{836ECAFA-1EBC-4120-B233-41A61E5A0499}.Release|x86.Build.0 = Release|Win32
		{B6E07612-09F0-41C5-8D51-01912D30E8E6}.Debug|x64.ActiveCfg = Debug|x64
		{B6E07612-09F0-41C5-8D51-01912D30E8E6}.Debug|x64.Build.0 = Debug|x64
		{B6E07612-09F0-41C5-8D51-01912D30E8E6}.Debug|x86.ActiveCfg = Debug|Win32
		{B6E07612-09F0-41C5-8D51-01912D30E8E6}.Debug|x86.Build.0 = Debug|Win32
		{B6E07612-09F0-41C5-8D51-01912D30E8E6}.Release|x64.ActiveCfg = Release|x64
		{B6E07612-09F0-41C5-8D51-01912D30E8E6}.Release|x64.Build.0 = Release|x64
		{B6E07612-09F0-41C5-8D51-01912D30E8E6}.Release|x86.ActiveCfg = Release|Win32
		{B6E07612-09F0-41C5-8D51-01912D30E8E6}.Release|x86.Build.0 = Release|Win32
		{5A8E4B18-5928-4F69-BD90-9F1965C6E7E7}.Debug|x64.ActiveCfg = Debug|x64
		{5A8E4B18-5928-4F69-BD90-9F1965C6E7E7}.Debug|x64.Build.0 = Debug|x64
		{5A8E4B18-5928-4F69-BD90-9F1965C6E7E7}.Debug|x86.ActiveCfg = Debug|Win32
		{5A8E4B18-5928-4F69-BD90-9F1965C6E7E7}.Debug|x86.Build.0 = Debug|Win32
		{5A8E4B18-5928-4F69-BD90-9F1965C6E7E7}.Release|x64.ActiveCfg = Release|x64
		{5A8E4B18-5928-4F69-BD90-9F1965C6E7E7}.Release|x64.Build.0 = Release|x64
		{5A8E4B18-5928-4F69-BD90-9F1965C6E7E7}.Release|x86.ActiveCfg = Release|Win32
		{5A8E4B18-5928-4F69-BD90-9F1965C6E7E7}.Release|x86.Build.0 = Release|Win32
		{35CC1A57-F373-4EC9-9FD9-DEA742512623}.Debug|x64.ActiveCfg = Debug|x64
		{35CC1A57-F373-4EC9-9FD9-DEA742512623}.Debug|x64.Build.0 = Debug|x64
		{35CC1A57-F373-4EC9-9FD9-DEA742512623}.Debug|x86.ActiveCfg = Debug|Win32
		{35CC1A57-F373-4EC9-9FD9-DEA742512623}.Debug|x86.Build.0 = Debug|Win32
		{35CC1A57-F373-4EC9-9FD9-DEA742512623}.Release|x64.ActiveCfg = Release|x64
		{35CC1A57-F373-4EC9-9FD9-DEA742512623}.Release|x64.Build.0 = Release|x64
		{35CC1A57-F373-4EC9-9FD9-DEA742512623}.Release|x86.ActiveCfg = Release|Win32
		{35CC1A57-F373-4EC9-9FD9-DEA742512623}.Release|x86.Build.0 = Release|Win32
		{C4C4C44E-5FDB-48D4-A378-EDA6BC85A775}.Debug|x64.ActiveCfg = Debug|x64
		{C4C4C44E-5FDB-48D4-A378-EDA6BC85A775}.Debug|x64.Build.0 = Debug|x64
		{C4C4C44E-5FDB-48D4-A378-EDA6BC85A775}.Debug|x86.ActiveCfg = Debug|Win32
		{C4C4C44E-5FDB-48D4-A378-EDA6BC85A775}.Debug|x86.Build.0 = Debug|Win32
		{C4C4C44E-5FDB-48D4-A378-EDA6BC85A775}.Release|x64.ActiveCfg = Release|x64
		{C4C4C44E-5FDB-48D4-A378-EDA6BC85A775}.Release|x64.Build.0 = Release|x64
		{C4C4C44E-5FDB-48D4-A378-EDA6BC85A775}.Release|x86.ActiveCfg = Release|Win32
		{C4C4C44E-5FDB-48D4-A378-EDA6BC85A775}.Release|x86.Build.0 = Release|Win32
		{323DC413-A2E4-47DE-AEC2-40B45BAE7CA5}.Debug|x64.ActiveCfg = Debug|x64
		{323DC413-A2E4-47DE-AEC2-40B45BAE7CA5}.Debug|x64.Build.0 = Debug|x64
		{323DC413-A2E4-47DE-AEC2-40B45BAE7CA5}.Debug|x86.ActiveCfg = Debug|Win32
		{323DC413-A2E4-47DE-AEC2-40B45BAE7CA5}.Debug|x86.Build.0 = Debug|Win32
		{323DC413-A2E4-47DE-AEC2-40B45BAE7CA5}.Release|x64.ActiveCfg = Release|x64
		{323DC413-A2E4-47DE-AEC2-40B45BAE7CA5}.Release|x64.Build.0 = Release|x64
		{323DC413-A2E4-47DE-AEC2-40B45BAE7CA5}.Release|x86.ActiveCfg = Release|Win32
		{323DC413-A2E4-47DE-AEC2-40B45BAE7CA5}.Release|x86.Build.0 = Release|Win32
		{C2A3B0A9-6A16-4B55-83E0-E526853D3823}.Debug|x64.ActiveCfg = Debug|x64
		{C2A3B0A9-6A16-4B55-83E0-E526853D3823}.Debug|x64.Build.0 = Debug|x64
		{C2A3B0A9-6A16-4B55-83E0-E526853D3823}.Debug|x86.ActiveCfg = Debug|Win32
		{C2A3B0A9-6A16-4B55-83E0-E526853D3823}.Debug|x86.Build.0 = Debug|Win32
		{C2A3B0A9-6A16-4B55-83E0-E526853D3823}.Release|x64.ActiveCfg = Release|x64
		{C2A3B0A9-6A16-4B55-83E0-E526853D3823}.Release|x64.Build.0 = Release|x64
		{C2A3B0A9-6A16-4B55-83E0-E526853D3823}.Release|x86.ActiveCfg = Release|Win32
		{C2A3B0A9-6A16-4B55-83E0-E526853D3823}.Release|x86.Build.0 = Release|Win32
		{B75FEBBA-0A41-4157-B777-6A595090B86C}.Debug|x64.ActiveCfg = Debug|x64
		{B75FEBBA-0A41-4157-B777-6A595090B86C}.Debug|x64.Build.0 = Debug|x64
		{B75FEBBA-0A41-4157-B777-6A595090B86C}.Debug|x86.ActiveCfg = Debug|Win32
		{B75FEBBA-0A41-4157-B777-6A595090B86C}.Debug|x86.Build.0 = Debug|Win32
		{B75FEBBA-0A41-4157-B777-6A595090B86C}.Release|x64.ActiveCfg = Release|x64
		{B75FEBBA-0A41-4157-B777-6A595090B86C}.Release|x64.Build.0 = Release|x64
		{B75FEBBA-0A41-4157-B777-6A595090B86C}.Release|x86.ActiveCfg = Release|Win32
		{B75FEBBA-0A41-4157-B777-6A595090B86C}.Release|x86.Build.0 = Release|Win32
		{084FBB91-BD3F-4127-ACFA-272BBBC8D08A}.Debug|x64.ActiveCfg = Debug|x64
		{084FBB91-BD3F-4127-ACFA-272BBBC8D08A}.Debug|x64.Build.0 = Debug|x64
		{084FBB91-BD3F-4127-ACFA-272BBBC8D08A}.Debug|x86.ActiveCfg = Debug|Win32
		{084FBB91-BD3F-4127-ACFA-272BBBC8D08A}.Debug|x86.Build.0 = Debug|Win32
		{084FBB91-BD3F-4127-ACFA-272BBBC8D08A}.Release|x64.ActiveCfg = Release|x64
		{084FBB91-BD3F-4127-ACFA-272BBBC8D08A}.Release|x64.Build.0 = Release|x64
		{084FBB91-BD3F-4127-ACFA-272BBBC8D08A}.Release|x86.ActiveCfg = Release|Win32
		{084FBB91-BD3F-4127-ACFA-272BBBC8D08A}.Release|x86.Build.0 = Release|Win32
	EndGlobalSection
	GlobalSection(SolutionProperties) = preSolution
		HideSolutionNode = FALSE
	EndGlobalSection
	GlobalSection(ExtensibilityGlobals) = postSolution
		SolutionGuid = {1D20D099-0233-468A-8FA0-FE88293F6C52}
	EndGlobalSection
EndGlobal
